// !$*UTF8*$!
{
	archiveVersion = 1;
	classes = {
	};
	objectVersion = 50;
	objects = {

/* Begin PBXBuildFile section */
		3E4D9858213F26E800821909 /* AppDelegate.swift in Sources */ = {isa = PBXBuildFile; fileRef = 3E4D9857213F26E800821909 /* AppDelegate.swift */; };
		3E4D985D213F26E800821909 /* Main.storyboard in Resources */ = {isa = PBXBuildFile; fileRef = 3E4D985B213F26E800821909 /* Main.storyboard */; };
		3E4D9860213F26E800821909 /* NotesDataModel.xcdatamodeld in Sources */ = {isa = PBXBuildFile; fileRef = 3E4D985E213F26E800821909 /* NotesDataModel.xcdatamodeld */; };
		3E4D9862213F26E900821909 /* Assets.xcassets in Resources */ = {isa = PBXBuildFile; fileRef = 3E4D9861213F26E900821909 /* Assets.xcassets */; };
		3E4D9865213F26E900821909 /* LaunchScreen.storyboard in Resources */ = {isa = PBXBuildFile; fileRef = 3E4D9863213F26E900821909 /* LaunchScreen.storyboard */; };
		3E4D986D213F27E000821909 /* NotesTableViewController.swift in Sources */ = {isa = PBXBuildFile; fileRef = 3E4D986C213F27E000821909 /* NotesTableViewController.swift */; };
		3E7E8F4321417161001A5EA6 /* NoteScrollViewController.swift in Sources */ = {isa = PBXBuildFile; fileRef = 3E7E8F4221417161001A5EA6 /* NoteScrollViewController.swift */; };
/* End PBXBuildFile section */

/* Begin PBXFileReference section */
		3E4D9854213F26E800821909 /* Notes+.app */ = {isa = PBXFileReference; explicitFileType = wrapper.application; includeInIndex = 0; path = "Notes+.app"; sourceTree = BUILT_PRODUCTS_DIR; };
		3E4D9857213F26E800821909 /* AppDelegate.swift */ = {isa = PBXFileReference; lastKnownFileType = sourcecode.swift; path = AppDelegate.swift; sourceTree = "<group>"; };
		3E4D985C213F26E800821909 /* Base */ = {isa = PBXFileReference; lastKnownFileType = file.storyboard; name = Base; path = Base.lproj/Main.storyboard; sourceTree = "<group>"; };
		3E4D985F213F26E800821909 /* Notes_.xcdatamodel */ = {isa = PBXFileReference; lastKnownFileType = wrapper.xcdatamodel; path = Notes_.xcdatamodel; sourceTree = "<group>"; };
		3E4D9861213F26E900821909 /* Assets.xcassets */ = {isa = PBXFileReference; lastKnownFileType = folder.assetcatalog; path = Assets.xcassets; sourceTree = "<group>"; };
		3E4D9864213F26E900821909 /* Base */ = {isa = PBXFileReference; lastKnownFileType = file.storyboard; name = Base; path = Base.lproj/LaunchScreen.storyboard; sourceTree = "<group>"; };
		3E4D9866213F26E900821909 /* Info.plist */ = {isa = PBXFileReference; lastKnownFileType = text.plist.xml; path = Info.plist; sourceTree = "<group>"; };
		3E4D986C213F27E000821909 /* NotesTableViewController.swift */ = {isa = PBXFileReference; lastKnownFileType = sourcecode.swift; path = NotesTableViewController.swift; sourceTree = "<group>"; };
		3E7E8F4221417161001A5EA6 /* NoteScrollViewController.swift */ = {isa = PBXFileReference; lastKnownFileType = sourcecode.swift; path = NoteScrollViewController.swift; sourceTree = "<group>"; };
/* End PBXFileReference section */

/* Begin PBXFrameworksBuildPhase section */
		3E4D9851213F26E800821909 /* Frameworks */ = {
			isa = PBXFrameworksBuildPhase;
			buildActionMask = 2147483647;
			files = (
			);
			runOnlyForDeploymentPostprocessing = 0;
		};
/* End PBXFrameworksBuildPhase section */

/* Begin PBXGroup section */
		3E4D984B213F26E800821909 = {
			isa = PBXGroup;
			children = (
				3E4D9856213F26E800821909 /* Notes+ */,
				3E4D9855213F26E800821909 /* Products */,
			);
			sourceTree = "<group>";
		};
		3E4D9855213F26E800821909 /* Products */ = {
			isa = PBXGroup;
			children = (
				3E4D9854213F26E800821909 /* Notes+.app */,
			);
			name = Products;
			sourceTree = "<group>";
		};
		3E4D9856213F26E800821909 /* Notes+ */ = {
			isa = PBXGroup;
			children = (
				3E4D986E213F289300821909 /* Model */,
				3E4D986F213F289900821909 /* View */,
				3E4D9870213F28A100821909 /* Controller */,
				3E4D9871213F28B200821909 /* Supporting Files */,
				3E4D9866213F26E900821909 /* Info.plist */,
			);
			path = "Notes+";
			sourceTree = "<group>";
		};
		3E4D986E213F289300821909 /* Model */ = {
			isa = PBXGroup;
			children = (
				3E4D985E213F26E800821909 /* NotesDataModel.xcdatamodeld */,
			);
			path = Model;
			sourceTree = "<group>";
		};
		3E4D986F213F289900821909 /* View */ = {
			isa = PBXGroup;
			children = (
				3E4D985B213F26E800821909 /* Main.storyboard */,
			);
			path = View;
			sourceTree = "<group>";
		};
		3E4D9870213F28A100821909 /* Controller */ = {
			isa = PBXGroup;
			children = (
				3E4D986C213F27E000821909 /* NotesTableViewController.swift */,
				3E7E8F4221417161001A5EA6 /* NoteScrollViewController.swift */,
				3E4D9857213F26E800821909 /* AppDelegate.swift */,
			);
			path = Controller;
			sourceTree = "<group>";
		};
		3E4D9871213F28B200821909 /* Supporting Files */ = {
			isa = PBXGroup;
			children = (
				3E4D9861213F26E900821909 /* Assets.xcassets */,
				3E4D9863213F26E900821909 /* LaunchScreen.storyboard */,
			);
			path = "Supporting Files";
			sourceTree = "<group>";
		};
/* End PBXGroup section */

/* Begin PBXNativeTarget section */
		3E4D9853213F26E800821909 /* Notes+ */ = {
			isa = PBXNativeTarget;
			buildConfigurationList = 3E4D9869213F26E900821909 /* Build configuration list for PBXNativeTarget "Notes+" */;
			buildPhases = (
				3E4D9850213F26E800821909 /* Sources */,
				3E4D9851213F26E800821909 /* Frameworks */,
				3E4D9852213F26E800821909 /* Resources */,
			);
			buildRules = (
			);
			dependencies = (
			);
			name = "Notes+";
			productName = "Notes+";
			productReference = 3E4D9854213F26E800821909 /* Notes+.app */;
			productType = "com.apple.product-type.application";
		};
/* End PBXNativeTarget section */

/* Begin PBXProject section */
		3E4D984C213F26E800821909 /* Project object */ = {
			isa = PBXProject;
			attributes = {
				LastSwiftUpdateCheck = 0940;
				LastUpgradeCheck = 0940;
				ORGANIZATIONNAME = "Hector Mendoza";
				TargetAttributes = {
					3E4D9853213F26E800821909 = {
						CreatedOnToolsVersion = 9.4.1;
					};
				};
			};
			buildConfigurationList = 3E4D984F213F26E800821909 /* Build configuration list for PBXProject "Notes+" */;
			compatibilityVersion = "Xcode 9.3";
			developmentRegion = en;
			hasScannedForEncodings = 0;
			knownRegions = (
				en,
				Base,
			);
			mainGroup = 3E4D984B213F26E800821909;
			productRefGroup = 3E4D9855213F26E800821909 /* Products */;
			projectDirPath = "";
			projectRoot = "";
			targets = (
				3E4D9853213F26E800821909 /* Notes+ */,
			);
		};
/* End PBXProject section */

/* Begin PBXResourcesBuildPhase section */
		3E4D9852213F26E800821909 /* Resources */ = {
			isa = PBXResourcesBuildPhase;
			buildActionMask = 2147483647;
			files = (
				3E4D9865213F26E900821909 /* LaunchScreen.storyboard in Resources */,
				3E4D9862213F26E900821909 /* Assets.xcassets in Resources */,
				3E4D985D213F26E800821909 /* Main.storyboard in Resources */,
			);
			runOnlyForDeploymentPostprocessing = 0;
		};
/* End PBXResourcesBuildPhase section */

/* Begin PBXSourcesBuildPhase section */
		3E4D9850213F26E800821909 /* Sources */ = {
			isa = PBXSourcesBuildPhase;
			buildActionMask = 2147483647;
			files = (
				3E4D9858213F26E800821909 /* AppDelegate.swift in Sources */,
				3E7E8F4321417161001A5EA6 /* NoteScrollViewController.swift in Sources */,
				3E4D9860213F26E800821909 /* NotesDataModel.xcdatamodeld in Sources */,
				3E4D986D213F27E000821909 /* NotesTableViewController.swift in Sources */,
			);
			runOnlyForDeploymentPostprocessing = 0;
		};
/* End PBXSourcesBuildPhase section */

/* Begin PBXVariantGroup section */
		3E4D985B213F26E800821909 /* Main.storyboard */ = {
			isa = PBXVariantGroup;
			children = (
				3E4D985C213F26E800821909 /* Base */,
			);
			name = Main.storyboard;
			sourceTree = "<group>";
		};
		3E4D9863213F26E900821909 /* LaunchScreen.storyboard */ = {
			isa = PBXVariantGroup;
			children = (
				3E4D9864213F26E900821909 /* Base */,
			);
			name = LaunchScreen.storyboard;
			sourceTree = "<group>";
		};
/* End PBXVariantGroup section */

/* Begin XCBuildConfiguration section */
		3E4D9867213F26E900821909 /* Debug */ = {
			isa = XCBuildConfiguration;
			buildSettings = {
				ALWAYS_SEARCH_USER_PATHS = NO;
				CLANG_ANALYZER_NONNULL = YES;
				CLANG_ANALYZER_NUMBER_OBJECT_CONVERSION = YES_AGGRESSIVE;
				CLANG_CXX_LANGUAGE_STANDARD = "gnu++14";
				CLANG_CXX_LIBRARY = "libc++";
				CLANG_ENABLE_MODULES = YES;
				CLANG_ENABLE_OBJC_ARC = YES;
				CLANG_ENABLE_OBJC_WEAK = YES;
				CLANG_WARN_BLOCK_CAPTURE_AUTORELEASING = YES;
				CLANG_WARN_BOOL_CONVERSION = YES;
				CLANG_WARN_COMMA = YES;
				CLANG_WARN_CONSTANT_CONVERSION = YES;
				CLANG_WARN_DEPRECATED_OBJC_IMPLEMENTATIONS = YES;
				CLANG_WARN_DIRECT_OBJC_ISA_USAGE = YES_ERROR;
				CLANG_WARN_DOCUMENTATION_COMMENTS = YES;
				CLANG_WARN_EMPTY_BODY = YES;
				CLANG_WARN_ENUM_CONVERSION = YES;
				CLANG_WARN_INFINITE_RECURSION = YES;
				CLANG_WARN_INT_CONVERSION = YES;
				CLANG_WARN_NON_LITERAL_NULL_CONVERSION = YES;
				CLANG_WARN_OBJC_IMPLICIT_RETAIN_SELF = YES;
				CLANG_WARN_OBJC_LITERAL_CONVERSION = YES;
				CLANG_WARN_OBJC_ROOT_CLASS = YES_ERROR;
				CLANG_WARN_RANGE_LOOP_ANALYSIS = YES;
				CLANG_WARN_STRICT_PROTOTYPES = YES;
				CLANG_WARN_SUSPICIOUS_MOVE = YES;
				CLANG_WARN_UNGUARDED_AVAILABILITY = YES_AGGRESSIVE;
				CLANG_WARN_UNREACHABLE_CODE = YES;
				CLANG_WARN__DUPLICATE_METHOD_MATCH = YES;
				CODE_SIGN_IDENTITY = "iPhone Developer";
				COPY_PHASE_STRIP = NO;
				DEBUG_INFORMATION_FORMAT = dwarf;
				ENABLE_STRICT_OBJC_MSGSEND = YES;
				ENABLE_TESTABILITY = YES;
				GCC_C_LANGUAGE_STANDARD = gnu11;
				GCC_DYNAMIC_NO_PIC = NO;
				GCC_NO_COMMON_BLOCKS = YES;
				GCC_OPTIMIZATION_LEVEL = 0;
				GCC_PREPROCESSOR_DEFINITIONS = (
					"DEBUG=1",
					"$(inherited)",
				);
				GCC_WARN_64_TO_32_BIT_CONVERSION = YES;
				GCC_WARN_ABOUT_RETURN_TYPE = YES_ERROR;
				GCC_WARN_UNDECLARED_SELECTOR = YES;
				GCC_WARN_UNINITIALIZED_AUTOS = YES_AGGRESSIVE;
				GCC_WARN_UNUSED_FUNCTION = YES;
				GCC_WARN_UNUSED_VARIABLE = YES;
				IPHONEOS_DEPLOYMENT_TARGET = 11.4;
				MTL_ENABLE_DEBUG_INFO = YES;
				ONLY_ACTIVE_ARCH = YES;
				SDKROOT = iphoneos;
				SWIFT_ACTIVE_COMPILATION_CONDITIONS = DEBUG;
				SWIFT_OPTIMIZATION_LEVEL = "-Onone";
			};
			name = Debug;
		};
		3E4D9868213F26E900821909 /* Release */ = {
			isa = XCBuildConfiguration;
			buildSettings = {
				ALWAYS_SEARCH_USER_PATHS = NO;
				CLANG_ANALYZER_NONNULL = YES;
				CLANG_ANALYZER_NUMBER_OBJECT_CONVERSION = YES_AGGRESSIVE;
				CLANG_CXX_LANGUAGE_STANDARD = "gnu++14";
				CLANG_CXX_LIBRARY = "libc++";
				CLANG_ENABLE_MODULES = YES;
				CLANG_ENABLE_OBJC_ARC = YES;
				CLANG_ENABLE_OBJC_WEAK = YES;
				CLANG_WARN_BLOCK_CAPTURE_AUTORELEASING = YES;
				CLANG_WARN_BOOL_CONVERSION = YES;
				CLANG_WARN_COMMA = YES;
				CLANG_WARN_CONSTANT_CONVERSION = YES;
				CLANG_WARN_DEPRECATED_OBJC_IMPLEMENTATIONS = YES;
				CLANG_WARN_DIRECT_OBJC_ISA_USAGE = YES_ERROR;
				CLANG_WARN_DOCUMENTATION_COMMENTS = YES;
				CLANG_WARN_EMPTY_BODY = YES;
				CLANG_WARN_ENUM_CONVERSION = YES;
				CLANG_WARN_INFINITE_RECURSION = YES;
				CLANG_WARN_INT_CONVERSION = YES;
				CLANG_WARN_NON_LITERAL_NULL_CONVERSION = YES;
				CLANG_WARN_OBJC_IMPLICIT_RETAIN_SELF = YES;
				CLANG_WARN_OBJC_LITERAL_CONVERSION = YES;
				CLANG_WARN_OBJC_ROOT_CLASS = YES_ERROR;
				CLANG_WARN_RANGE_LOOP_ANALYSIS = YES;
				CLANG_WARN_STRICT_PROTOTYPES = YES;
				CLANG_WARN_SUSPICIOUS_MOVE = YES;
				CLANG_WARN_UNGUARDED_AVAILABILITY = YES_AGGRESSIVE;
				CLANG_WARN_UNREACHABLE_CODE = YES;
				CLANG_WARN__DUPLICATE_METHOD_MATCH = YES;
				CODE_SIGN_IDENTITY = "iPhone Developer";
				COPY_PHASE_STRIP = NO;
				DEBUG_INFORMATION_FORMAT = "dwarf-with-dsym";
				ENABLE_NS_ASSERTIONS = NO;
				ENABLE_STRICT_OBJC_MSGSEND = YES;
				GCC_C_LANGUAGE_STANDARD = gnu11;
				GCC_NO_COMMON_BLOCKS = YES;
				GCC_WARN_64_TO_32_BIT_CONVERSION = YES;
				GCC_WARN_ABOUT_RETURN_TYPE = YES_ERROR;
				GCC_WARN_UNDECLARED_SELECTOR = YES;
				GCC_WARN_UNINITIALIZED_AUTOS = YES_AGGRESSIVE;
				GCC_WARN_UNUSED_FUNCTION = YES;
				GCC_WARN_UNUSED_VARIABLE = YES;
				IPHONEOS_DEPLOYMENT_TARGET = 11.4;
				MTL_ENABLE_DEBUG_INFO = NO;
				SDKROOT = iphoneos;
				SWIFT_COMPILATION_MODE = wholemodule;
				SWIFT_OPTIMIZATION_LEVEL = "-O";
				VALIDATE_PRODUCT = YES;
			};
			name = Release;
		};
		3E4D986A213F26E900821909 /* Debug */ = {
			isa = XCBuildConfiguration;
			buildSettings = {
				ASSETCATALOG_COMPILER_APPICON_NAME = AppIcon;
				CODE_SIGN_STYLE = Automatic;
				DEVELOPMENT_TEAM = T58BTBUXQN;
				INFOPLIST_FILE = "Notes+/Info.plist";
				LD_RUNPATH_SEARCH_PATHS = (
					"$(inherited)",
					"@executable_path/Frameworks",
				);
				PRODUCT_BUNDLE_IDENTIFIER = "com.mirlintox.Notes-";
				PRODUCT_NAME = "$(TARGET_NAME)";
				SWIFT_VERSION = 4.0;
				TARGETED_DEVICE_FAMILY = 1;
			};
			name = Debug;
		};
		3E4D986B213F26E900821909 /* Release */ = {
			isa = XCBuildConfiguration;
			buildSettings = {
				ASSETCATALOG_COMPILER_APPICON_NAME = AppIcon;
				CODE_SIGN_STYLE = Automatic;
				DEVELOPMENT_TEAM = T58BTBUXQN;
				INFOPLIST_FILE = "Notes+/Info.plist";
				LD_RUNPATH_SEARCH_PATHS = (
					"$(inherited)",
					"@executable_path/Frameworks",
				);
				PRODUCT_BUNDLE_IDENTIFIER = "com.mirlintox.Notes-";
				PRODUCT_NAME = "$(TARGET_NAME)";
				SWIFT_VERSION = 4.0;
				TARGETED_DEVICE_FAMILY = 1;
			};
			name = Release;
		};
/* End XCBuildConfiguration section */

/* Begin XCConfigurationList section */
		3E4D984F213F26E800821909 /* Build configuration list for PBXProject "Notes+" */ = {
			isa = XCConfigurationList;
			buildConfigurations = (
				3E4D9867213F26E900821909 /* Debug */,
				3E4D9868213F26E900821909 /* Release */,
			);
			defaultConfigurationIsVisible = 0;
			defaultConfigurationName = Release;
		};
		3E4D9869213F26E900821909 /* Build configuration list for PBXNativeTarget "Notes+" */ = {
			isa = XCConfigurationList;
			buildConfigurations = (
				3E4D986A213F26E900821909 /* Debug */,
				3E4D986B213F26E900821909 /* Release */,
			);
			defaultConfigurationIsVisible = 0;
			defaultConfigurationName = Release;
		};
/* End XCConfigurationList section */

/* Begin XCVersionGroup section */
		3E4D985E213F26E800821909 /* NotesDataModel.xcdatamodeld */ = {
			isa = XCVersionGroup;
			children = (
				3E4D985F213F26E800821909 /* Notes_.xcdatamodel */,
			);
			currentVersion = 3E4D985F213F26E800821909 /* Notes_.xcdatamodel */;
			path = NotesDataModel.xcdatamodeld;
			sourceTree = "<group>";
			versionGroupType = wrapper.xcdatamodel;
		};
/* End XCVersionGroup section */
	};
	rootObject = 3E4D984C213F26E800821909 /* Project object */;
}
